
Microsoft Visual Studio Solution File, Format Version 12.00
# Visual Studio 2013
VisualStudioVersion = 12.0.31101.0
MinimumVisualStudioVersion = 10.0.40219.1
Project("{FAE04EC0-301F-11D3-BF4B-00C04F79EFBC}") = "ModuleOne", "ModuleOne\ModuleOne.csproj", "{7B143CEE-D7FA-4C2E-A860-726C8A3B08D4}"
EndProject
Project("{FAE04EC0-301F-11D3-BF4B-00C04F79EFBC}") = "ModuleTwoSamples", "ModuleTwoSamples\ModuleTwoSamples.csproj", "{6DEE09D1-0CA7-4249-AD2F-A12082363CC8}"
EndProject
Project("{FAE04EC0-301F-11D3-BF4B-00C04F79EFBC}") = "ModuleTwo", "ModuleTwo\ModuleTwo.csproj", "{17F9BDE5-435C-4490-BC67-036A9F6AD8FD}"
EndProject
Project("{FAE04EC0-301F-11D3-BF4B-00C04F79EFBC}") = "ModuleThreeSamples", "ModuleThreeSamples\ModuleThreeSamples.csproj", "{D7C0F534-5BCB-439C-B289-42DEAB6E12DC}"
EndProject
Project("{FAE04EC0-301F-11D3-BF4B-00C04F79EFBC}") = "ModuleThree", "ModuleThree\ModuleThree.csproj", "{C5415404-E070-42F4-BB8D-B1CFDAF479F9}"
EndProject
Global
	GlobalSection(SolutionConfigurationPlatforms) = preSolution
		Debug|Any CPU = Debug|Any CPU
		Release|Any CPU = Release|Any CPU
	EndGlobalSection
	GlobalSection(ProjectConfigurationPlatforms) = postSolution
		{7B143CEE-D7FA-4C2E-A860-726C8A3B08D4}.Debug|Any CPU.ActiveCfg = Debug|Any CPU
		{7B143CEE-D7FA-4C2E-A860-726C8A3B08D4}.Debug|Any CPU.Build.0 = Debug|Any CPU
		{7B143CEE-D7FA-4C2E-A860-726C8A3B08D4}.Release|Any CPU.ActiveCfg = Release|Any CPU
		{7B143CEE-D7FA-4C2E-A860-726C8A3B08D4}.Release|Any CPU.Build.0 = Release|Any CPU
		{6DEE09D1-0CA7-4249-AD2F-A12082363CC8}.Debug|Any CPU.ActiveCfg = Debug|Any CPU
		{6DEE09D1-0CA7-4249-AD2F-A12082363CC8}.Debug|Any CPU.Build.0 = Debug|Any CPU
		{6DEE09D1-0CA7-4249-AD2F-A12082363CC8}.Release|Any CPU.ActiveCfg = Release|Any CPU
		{6DEE09D1-0CA7-4249-AD2F-A12082363CC8}.Release|Any CPU.Build.0 = Release|Any CPU
		{17F9BDE5-435C-4490-BC67-036A9F6AD8FD}.Debug|Any CPU.ActiveCfg = Debug|Any CPU
		{17F9BDE5-435C-4490-BC67-036A9F6AD8FD}.Debug|Any CPU.Build.0 = Debug|Any CPU
		{17F9BDE5-435C-4490-BC67-036A9F6AD8FD}.Release|Any CPU.ActiveCfg = Release|Any CPU
		{17F9BDE5-435C-4490-BC67-036A9F6AD8FD}.Release|Any CPU.Build.0 = Release|Any CPU
		{D7C0F534-5BCB-439C-B289-42DEAB6E12DC}.Debug|Any CPU.ActiveCfg = Debug|Any CPU
		{D7C0F534-5BCB-439C-B289-42DEAB6E12DC}.Debug|Any CPU.Build.0 = Debug|Any CPU
		{D7C0F534-5BCB-439C-B289-42DEAB6E12DC}.Release|Any CPU.ActiveCfg = Release|Any CPU
		{D7C0F534-5BCB-439C-B289-42DEAB6E12DC}.Release|Any CPU.Build.0 = Release|Any CPU
		{C5415404-E070-42F4-BB8D-B1CFDAF479F9}.Debug|Any CPU.ActiveCfg = Debug|Any CPU
		{C5415404-E070-42F4-BB8D-B1CFDAF479F9}.Debug|Any CPU.Build.0 = Debug|Any CPU
		{C5415404-E070-42F4-BB8D-B1CFDAF479F9}.Release|Any CPU.ActiveCfg = Release|Any CPU
		{C5415404-E070-42F4-BB8D-B1CFDAF479F9}.Release|Any CPU.Build.0 = Release|Any CPU
	EndGlobalSection
	GlobalSection(SolutionProperties) = preSolution
		HideSolutionNode = FALSE
	EndGlobalSection
EndGlobal
